
Microsoft Visual Studio Solution File, Format Version 12.00
# Visual Studio 2013
VisualStudioVersion = 12.0.31101.0
MinimumVisualStudioVersion = 10.0.40219.1
Project("{FAE04EC0-301F-11D3-BF4B-00C04F79EFBC}") = "LcdHelloWorld", "LcdHelloWorld\LcdHelloWorld.csproj", "{34E0D0FD-BA53-4A12-9246-608D716145BE}"
EndProject
Project("{FAE04EC0-301F-11D3-BF4B-00C04F79EFBC}") = "MicroLiquidCrystal", "lib\MicroLiquidCrystal\MicroLiquidCrystal.csproj", "{B4B72543-E638-44F1-B096-9BBB6BD4698B}"
EndProject
Global
	GlobalSection(SolutionConfigurationPlatforms) = preSolution
		Debug|Any CPU = Debug|Any CPU
		Release|Any CPU = Release|Any CPU
	EndGlobalSection
	GlobalSection(ProjectConfigurationPlatforms) = postSolution
		{34E0D0FD-BA53-4A12-9246-608D716145BE}.Debug|Any CPU.ActiveCfg = Debug|Any CPU
		{34E0D0FD-BA53-4A12-9246-608D716145BE}.Debug|Any CPU.Build.0 = Debug|Any CPU
		{34E0D0FD-BA53-4A12-9246-608D716145BE}.Debug|Any CPU.Deploy.0 = Debug|Any CPU
		{34E0D0FD-BA53-4A12-9246-608D716145BE}.Release|Any CPU.ActiveCfg = Release|Any CPU
		{34E0D0FD-BA53-4A12-9246-608D716145BE}.Release|Any CPU.Build.0 = Release|Any CPU
		{34E0D0FD-BA53-4A12-9246-608D716145BE}.Release|Any CPU.Deploy.0 = Release|Any CPU
		{B4B72543-E638-44F1-B096-9BBB6BD4698B}.Debug|Any CPU.ActiveCfg = Debug|Any CPU
		{B4B72543-E638-44F1-B096-9BBB6BD4698B}.Debug|Any CPU.Build.0 = Debug|Any CPU
		{B4B72543-E638-44F1-B096-9BBB6BD4698B}.Release|Any CPU.ActiveCfg = Release|Any CPU
		{B4B72543-E638-44F1-B096-9BBB6BD4698B}.Release|Any CPU.Build.0 = Release|Any CPU
	EndGlobalSection
	GlobalSection(SolutionProperties) = preSolution
		HideSolutionNode = FALSE
	EndGlobalSection
EndGlobal
