
Microsoft Visual Studio Solution File, Format Version 12.00
# Visual Studio 2013
VisualStudioVersion = 12.0.31101.0
MinimumVisualStudioVersion = 10.0.40219.1
Project("{FAE04EC0-301F-11D3-BF4B-00C04F79EFBC}") = "LcdHelloWorld", "LcdHelloWorld\LcdHelloWorld.csproj", "{34E0D0FD-BA53-4A12-9246-608D716145BE}"
EndProject
Project("{FAE04EC0-301F-11D3-BF4B-00C04F79EFBC}") = "MicroLiquidCrystal", "lib\MicroLiquidCrystal\MicroLiquidCrystal.csproj", "{B4B72543-E638-44F1-B096-9BBB6BD4698B}"
EndProject
Project("{FAE04EC0-301F-11D3-BF4B-00C04F79EFBC}") = "DhtSensorApp", "lib\DHT11 Driver\DhtSensorApp.csproj", "{321C3DEA-7A40-4711-AF62-70B4AB15939C}"
EndProject
Project("{2150E333-8FDC-42A3-9474-1A3956D46DE8}") = "lib", "lib", "{5F8E0D5F-2FE6-4AE2-8D99-875FBA7F9C7C}"
EndProject
Project("{FAE04EC0-301F-11D3-BF4B-00C04F79EFBC}") = "Dht11", "Dht11\Dht11.csproj", "{DD3F4749-4C93-4AB6-838D-5DDF39962FE0}"
EndProject
Global
	GlobalSection(SolutionConfigurationPlatforms) = preSolution
		Debug|Any CPU = Debug|Any CPU
		Debug|ARM = Debug|ARM
		Debug|x64 = Debug|x64
		Debug|x86 = Debug|x86
		Release|Any CPU = Release|Any CPU
		Release|ARM = Release|ARM
		Release|x64 = Release|x64
		Release|x86 = Release|x86
	EndGlobalSection
	GlobalSection(ProjectConfigurationPlatforms) = postSolution
		{34E0D0FD-BA53-4A12-9246-608D716145BE}.Debug|Any CPU.ActiveCfg = Debug|Any CPU
		{34E0D0FD-BA53-4A12-9246-608D716145BE}.Debug|Any CPU.Build.0 = Debug|Any CPU
		{34E0D0FD-BA53-4A12-9246-608D716145BE}.Debug|Any CPU.Deploy.0 = Debug|Any CPU
		{34E0D0FD-BA53-4A12-9246-608D716145BE}.Debug|ARM.ActiveCfg = Debug|Any CPU
		{34E0D0FD-BA53-4A12-9246-608D716145BE}.Debug|x64.ActiveCfg = Debug|Any CPU
		{34E0D0FD-BA53-4A12-9246-608D716145BE}.Debug|x86.ActiveCfg = Debug|Any CPU
		{34E0D0FD-BA53-4A12-9246-608D716145BE}.Release|Any CPU.ActiveCfg = Release|Any CPU
		{34E0D0FD-BA53-4A12-9246-608D716145BE}.Release|Any CPU.Build.0 = Release|Any CPU
		{34E0D0FD-BA53-4A12-9246-608D716145BE}.Release|Any CPU.Deploy.0 = Release|Any CPU
		{34E0D0FD-BA53-4A12-9246-608D716145BE}.Release|ARM.ActiveCfg = Release|Any CPU
		{34E0D0FD-BA53-4A12-9246-608D716145BE}.Release|x64.ActiveCfg = Release|Any CPU
		{34E0D0FD-BA53-4A12-9246-608D716145BE}.Release|x86.ActiveCfg = Release|Any CPU
		{B4B72543-E638-44F1-B096-9BBB6BD4698B}.Debug|Any CPU.ActiveCfg = Debug|Any CPU
		{B4B72543-E638-44F1-B096-9BBB6BD4698B}.Debug|Any CPU.Build.0 = Debug|Any CPU
		{B4B72543-E638-44F1-B096-9BBB6BD4698B}.Debug|ARM.ActiveCfg = Debug|Any CPU
		{B4B72543-E638-44F1-B096-9BBB6BD4698B}.Debug|x64.ActiveCfg = Debug|Any CPU
		{B4B72543-E638-44F1-B096-9BBB6BD4698B}.Debug|x86.ActiveCfg = Debug|Any CPU
		{B4B72543-E638-44F1-B096-9BBB6BD4698B}.Release|Any CPU.ActiveCfg = Release|Any CPU
		{B4B72543-E638-44F1-B096-9BBB6BD4698B}.Release|Any CPU.Build.0 = Release|Any CPU
		{B4B72543-E638-44F1-B096-9BBB6BD4698B}.Release|ARM.ActiveCfg = Release|Any CPU
		{B4B72543-E638-44F1-B096-9BBB6BD4698B}.Release|x64.ActiveCfg = Release|Any CPU
		{B4B72543-E638-44F1-B096-9BBB6BD4698B}.Release|x86.ActiveCfg = Release|Any CPU
		{321C3DEA-7A40-4711-AF62-70B4AB15939C}.Debug|Any CPU.ActiveCfg = Debug|Any CPU
		{321C3DEA-7A40-4711-AF62-70B4AB15939C}.Debug|Any CPU.Build.0 = Debug|Any CPU
		{321C3DEA-7A40-4711-AF62-70B4AB15939C}.Debug|Any CPU.Deploy.0 = Debug|Any CPU
		{321C3DEA-7A40-4711-AF62-70B4AB15939C}.Debug|ARM.ActiveCfg = Debug|Any CPU
		{321C3DEA-7A40-4711-AF62-70B4AB15939C}.Debug|x64.ActiveCfg = Debug|Any CPU
		{321C3DEA-7A40-4711-AF62-70B4AB15939C}.Debug|x86.ActiveCfg = Debug|Any CPU
		{321C3DEA-7A40-4711-AF62-70B4AB15939C}.Release|Any CPU.ActiveCfg = Release|Any CPU
		{321C3DEA-7A40-4711-AF62-70B4AB15939C}.Release|Any CPU.Build.0 = Release|Any CPU
		{321C3DEA-7A40-4711-AF62-70B4AB15939C}.Release|Any CPU.Deploy.0 = Release|Any CPU
		{321C3DEA-7A40-4711-AF62-70B4AB15939C}.Release|ARM.ActiveCfg = Release|Any CPU
		{321C3DEA-7A40-4711-AF62-70B4AB15939C}.Release|x64.ActiveCfg = Release|Any CPU
		{321C3DEA-7A40-4711-AF62-70B4AB15939C}.Release|x86.ActiveCfg = Release|Any CPU
		{DD3F4749-4C93-4AB6-838D-5DDF39962FE0}.Debug|Any CPU.ActiveCfg = Debug|Any CPU
		{DD3F4749-4C93-4AB6-838D-5DDF39962FE0}.Debug|Any CPU.Build.0 = Debug|Any CPU
		{DD3F4749-4C93-4AB6-838D-5DDF39962FE0}.Debug|Any CPU.Deploy.0 = Debug|Any CPU
		{DD3F4749-4C93-4AB6-838D-5DDF39962FE0}.Debug|ARM.ActiveCfg = Debug|Any CPU
		{DD3F4749-4C93-4AB6-838D-5DDF39962FE0}.Debug|x64.ActiveCfg = Debug|Any CPU
		{DD3F4749-4C93-4AB6-838D-5DDF39962FE0}.Debug|x86.ActiveCfg = Debug|Any CPU
		{DD3F4749-4C93-4AB6-838D-5DDF39962FE0}.Release|Any CPU.ActiveCfg = Release|Any CPU
		{DD3F4749-4C93-4AB6-838D-5DDF39962FE0}.Release|Any CPU.Build.0 = Release|Any CPU
		{DD3F4749-4C93-4AB6-838D-5DDF39962FE0}.Release|Any CPU.Deploy.0 = Release|Any CPU
		{DD3F4749-4C93-4AB6-838D-5DDF39962FE0}.Release|ARM.ActiveCfg = Release|Any CPU
		{DD3F4749-4C93-4AB6-838D-5DDF39962FE0}.Release|x64.ActiveCfg = Release|Any CPU
		{DD3F4749-4C93-4AB6-838D-5DDF39962FE0}.Release|x86.ActiveCfg = Release|Any CPU
	EndGlobalSection
	GlobalSection(SolutionProperties) = preSolution
		HideSolutionNode = FALSE
	EndGlobalSection
	GlobalSection(NestedProjects) = preSolution
		{B4B72543-E638-44F1-B096-9BBB6BD4698B} = {5F8E0D5F-2FE6-4AE2-8D99-875FBA7F9C7C}
		{321C3DEA-7A40-4711-AF62-70B4AB15939C} = {5F8E0D5F-2FE6-4AE2-8D99-875FBA7F9C7C}
	EndGlobalSection
EndGlobal
